
Microsoft Visual Studio Solution File, Format Version 12.00
# Visual Studio Version 16
VisualStudioVersion = 16.0.31321.278
MinimumVisualStudioVersion = 10.0.40219.1
Project("{9A19103F-16F7-4668-BE54-9A1E7A4F7556}") = "TwitchGames.TwitchChat", "TwitchGames.TwitchChat\TwitchGames.TwitchChat.csproj", "{360B2006-976B-4190-9E9F-9EB8A834B2B5}"
EndProject
Project("{2150E333-8FDC-42A3-9474-1A3956D46DE8}") = "TwitchGames.Users", "TwitchGames.Users", "{D9DA834F-D3EB-4EE8-8878-9E805F6C76B8}"
EndProject
Project("{9A19103F-16F7-4668-BE54-9A1E7A4F7556}") = "TwitchGames.Users.Dal", "TwitchGames.Users.Dal\TwitchGames.Users.Dal.csproj", "{7F08EF96-712A-47DC-AC16-A89928010E4A}"
EndProject
Project("{2150E333-8FDC-42A3-9474-1A3956D46DE8}") = "TwitchGames.Shared", "TwitchGames.Shared", "{C6F331E1-1001-4A8B-BB72-951D054DE716}"
EndProject
Project("{9A19103F-16F7-4668-BE54-9A1E7A4F7556}") = "TwitchGames.Shared.UnitOfWork", "TwitchGames.Shared.UnitOfWork\TwitchGames.Shared.UnitOfWork.csproj", "{F82CA7FF-54D0-4A42-83B1-86083D81E15D}"
EndProject
Project("{9A19103F-16F7-4668-BE54-9A1E7A4F7556}") = "TwitchGames.Users.Api", "TwitchGames.Users.Api\TwitchGames.Users.Api.csproj", "{60DFBF36-ADF7-4041-A63F-9EA67F7382E1}"
EndProject
Project("{9A19103F-16F7-4668-BE54-9A1E7A4F7556}") = "TwitchGames.Users.Domain", "TwitchGames.Users.Domain\TwitchGames.Users.Domain.csproj", "{194C92FE-E44D-41B3-B448-516EDE82907C}"
EndProject
Project("{9A19103F-16F7-4668-BE54-9A1E7A4F7556}") = "TwitchGames.Shared.Bus", "TwitchGames.Shared.Bus\TwitchGames.Shared.Bus.csproj", "{36748F14-B55D-4E14-A708-94BB77FA4049}"
EndProject
Project("{2150E333-8FDC-42A3-9474-1A3956D46DE8}") = "TwitchGames.Ttny", "TwitchGames.Ttny", "{20F1C8AA-486D-45B9-A312-A612B167C042}"
EndProject
Project("{FAE04EC0-301F-11D3-BF4B-00C04F79EFBC}") = "TwitchGames.Ttny.Api", "TwitchGames.Ttny.Api\TwitchGames.Ttny.Api.csproj", "{9C8309C6-D175-449F-8BE6-1A1347D04D3F}"
EndProject
Project("{FAE04EC0-301F-11D3-BF4B-00C04F79EFBC}") = "TwitchGames.Ttny.Dal", "TwitchGames.Ttny.Dal\TwitchGames.Ttny.Dal.csproj", "{94B82A8D-31E3-4B7E-8422-E47E07BC9C9B}"
EndProject
Project("{FAE04EC0-301F-11D3-BF4B-00C04F79EFBC}") = "TwitchGames.Ttny.Domain", "TwitchGames.Ttny.Domain\TwitchGames.Ttny.Domain.csproj", "{1075D79E-1260-4016-A975-190CD732396C}"
EndProject
Project("{FAE04EC0-301F-11D3-BF4B-00C04F79EFBC}") = "TwitchGames.Shared.BaseRepository", "TwitchGames.Shared.BaseRepository\TwitchGames.Shared.BaseRepository.csproj", "{58048242-6131-46F6-9D3C-98C6C9FAAE5F}"
EndProject
Global
	GlobalSection(SolutionConfigurationPlatforms) = preSolution
		Debug|Any CPU = Debug|Any CPU
		Release|Any CPU = Release|Any CPU
	EndGlobalSection
	GlobalSection(ProjectConfigurationPlatforms) = postSolution
		{360B2006-976B-4190-9E9F-9EB8A834B2B5}.Debug|Any CPU.ActiveCfg = Debug|Any CPU
		{360B2006-976B-4190-9E9F-9EB8A834B2B5}.Debug|Any CPU.Build.0 = Debug|Any CPU
		{360B2006-976B-4190-9E9F-9EB8A834B2B5}.Release|Any CPU.ActiveCfg = Release|Any CPU
		{360B2006-976B-4190-9E9F-9EB8A834B2B5}.Release|Any CPU.Build.0 = Release|Any CPU
		{7F08EF96-712A-47DC-AC16-A89928010E4A}.Debug|Any CPU.ActiveCfg = Debug|Any CPU
		{7F08EF96-712A-47DC-AC16-A89928010E4A}.Debug|Any CPU.Build.0 = Debug|Any CPU
		{7F08EF96-712A-47DC-AC16-A89928010E4A}.Release|Any CPU.ActiveCfg = Release|Any CPU
		{7F08EF96-712A-47DC-AC16-A89928010E4A}.Release|Any CPU.Build.0 = Release|Any CPU
		{F82CA7FF-54D0-4A42-83B1-86083D81E15D}.Debug|Any CPU.ActiveCfg = Debug|Any CPU
		{F82CA7FF-54D0-4A42-83B1-86083D81E15D}.Debug|Any CPU.Build.0 = Debug|Any CPU
		{F82CA7FF-54D0-4A42-83B1-86083D81E15D}.Release|Any CPU.ActiveCfg = Release|Any CPU
		{F82CA7FF-54D0-4A42-83B1-86083D81E15D}.Release|Any CPU.Build.0 = Release|Any CPU
		{60DFBF36-ADF7-4041-A63F-9EA67F7382E1}.Debug|Any CPU.ActiveCfg = Debug|Any CPU
		{60DFBF36-ADF7-4041-A63F-9EA67F7382E1}.Debug|Any CPU.Build.0 = Debug|Any CPU
		{60DFBF36-ADF7-4041-A63F-9EA67F7382E1}.Release|Any CPU.ActiveCfg = Release|Any CPU
		{60DFBF36-ADF7-4041-A63F-9EA67F7382E1}.Release|Any CPU.Build.0 = Release|Any CPU
		{194C92FE-E44D-41B3-B448-516EDE82907C}.Debug|Any CPU.ActiveCfg = Debug|Any CPU
		{194C92FE-E44D-41B3-B448-516EDE82907C}.Debug|Any CPU.Build.0 = Debug|Any CPU
		{194C92FE-E44D-41B3-B448-516EDE82907C}.Release|Any CPU.ActiveCfg = Release|Any CPU
		{194C92FE-E44D-41B3-B448-516EDE82907C}.Release|Any CPU.Build.0 = Release|Any CPU
		{36748F14-B55D-4E14-A708-94BB77FA4049}.Debug|Any CPU.ActiveCfg = Debug|Any CPU
		{36748F14-B55D-4E14-A708-94BB77FA4049}.Debug|Any CPU.Build.0 = Debug|Any CPU
		{36748F14-B55D-4E14-A708-94BB77FA4049}.Release|Any CPU.ActiveCfg = Release|Any CPU
		{36748F14-B55D-4E14-A708-94BB77FA4049}.Release|Any CPU.Build.0 = Release|Any CPU
		{9C8309C6-D175-449F-8BE6-1A1347D04D3F}.Debug|Any CPU.ActiveCfg = Debug|Any CPU
		{9C8309C6-D175-449F-8BE6-1A1347D04D3F}.Debug|Any CPU.Build.0 = Debug|Any CPU
		{9C8309C6-D175-449F-8BE6-1A1347D04D3F}.Release|Any CPU.ActiveCfg = Release|Any CPU
		{9C8309C6-D175-449F-8BE6-1A1347D04D3F}.Release|Any CPU.Build.0 = Release|Any CPU
		{94B82A8D-31E3-4B7E-8422-E47E07BC9C9B}.Debug|Any CPU.ActiveCfg = Debug|Any CPU
		{94B82A8D-31E3-4B7E-8422-E47E07BC9C9B}.Debug|Any CPU.Build.0 = Debug|Any CPU
		{94B82A8D-31E3-4B7E-8422-E47E07BC9C9B}.Release|Any CPU.ActiveCfg = Release|Any CPU
		{94B82A8D-31E3-4B7E-8422-E47E07BC9C9B}.Release|Any CPU.Build.0 = Release|Any CPU
		{1075D79E-1260-4016-A975-190CD732396C}.Debug|Any CPU.ActiveCfg = Debug|Any CPU
		{1075D79E-1260-4016-A975-190CD732396C}.Debug|Any CPU.Build.0 = Debug|Any CPU
		{1075D79E-1260-4016-A975-190CD732396C}.Release|Any CPU.ActiveCfg = Release|Any CPU
		{1075D79E-1260-4016-A975-190CD732396C}.Release|Any CPU.Build.0 = Release|Any CPU
		{58048242-6131-46F6-9D3C-98C6C9FAAE5F}.Debug|Any CPU.ActiveCfg = Debug|Any CPU
		{58048242-6131-46F6-9D3C-98C6C9FAAE5F}.Debug|Any CPU.Build.0 = Debug|Any CPU
		{58048242-6131-46F6-9D3C-98C6C9FAAE5F}.Release|Any CPU.ActiveCfg = Release|Any CPU
		{58048242-6131-46F6-9D3C-98C6C9FAAE5F}.Release|Any CPU.Build.0 = Release|Any CPU
	EndGlobalSection
	GlobalSection(SolutionProperties) = preSolution
		HideSolutionNode = FALSE
	EndGlobalSection
	GlobalSection(NestedProjects) = preSolution
		{7F08EF96-712A-47DC-AC16-A89928010E4A} = {D9DA834F-D3EB-4EE8-8878-9E805F6C76B8}
		{F82CA7FF-54D0-4A42-83B1-86083D81E15D} = {C6F331E1-1001-4A8B-BB72-951D054DE716}
		{60DFBF36-ADF7-4041-A63F-9EA67F7382E1} = {D9DA834F-D3EB-4EE8-8878-9E805F6C76B8}
		{194C92FE-E44D-41B3-B448-516EDE82907C} = {D9DA834F-D3EB-4EE8-8878-9E805F6C76B8}
		{36748F14-B55D-4E14-A708-94BB77FA4049} = {C6F331E1-1001-4A8B-BB72-951D054DE716}
		{9C8309C6-D175-449F-8BE6-1A1347D04D3F} = {20F1C8AA-486D-45B9-A312-A612B167C042}
		{94B82A8D-31E3-4B7E-8422-E47E07BC9C9B} = {20F1C8AA-486D-45B9-A312-A612B167C042}
		{1075D79E-1260-4016-A975-190CD732396C} = {20F1C8AA-486D-45B9-A312-A612B167C042}
		{58048242-6131-46F6-9D3C-98C6C9FAAE5F} = {C6F331E1-1001-4A8B-BB72-951D054DE716}
	EndGlobalSection
	GlobalSection(ExtensibilityGlobals) = postSolution
		SolutionGuid = {FFFC01A6-846E-4098-B22C-81E4D4B38FA4}
	EndGlobalSection
EndGlobal
